schema: '2.0'
stages:
  prepare:
    cmd: python src/prepare.py
    deps:
    - path: src/prepare.py
      md5: 8bb700480c47eef497a6e693bdd102ab
      size: 980
    params:
      params.yaml:
        prepare.categories:
        - comp.graphics
        - rec.sport.baseball
    outs:
    - path: data/prepared
      md5: 77cdc4b415254bc15c5d109816504915.dir
      size: 3277682
      nfiles: 2
  featurize:
    cmd: python src/featurize.py data/prepared data/features
    deps:
    - path: data/prepared
      md5: 77cdc4b415254bc15c5d109816504915.dir
      size: 3277682
      nfiles: 2
    - path: src/featurize.py
      md5: f9a567e8ed4b6649534fb1d0f29163b4
      size: 1686
    outs:
    - path: data/features
      md5: 683147ce3d11b5b5457f7d78f86ee417.dir
      size: 418297564
      nfiles: 2
  train:
    cmd: python src/train.py data/features model.pkl
    deps:
    - path: data/features
      md5: 683147ce3d11b5b5457f7d78f86ee417.dir
      size: 418297564
      nfiles: 2
    - path: src/train.py
      md5: 2221d18315cfb0ff074739e78a57d4cc
      size: 830
    params:
      params.yaml:
        train.alpha: 0.1
    outs:
    - path: model.pkl
      md5: 54e1f8a4b5190206e94c9185af8c57c6
      size: 850894
