schema: '2.0'
stages:
  prepare:
    cmd: python src/prepare.py
    deps:
    - path: src/prepare.py
      md5: 8bb700480c47eef497a6e693bdd102ab
      size: 980
    params:
      params.yaml:
        prepare.categories:
        - comp.graphics
        - rec.sport.baseball
    outs:
    - path: data/prepared
      md5: 77cdc4b415254bc15c5d109816504915.dir
      size: 3277682
      nfiles: 2
  featurize:
    cmd: python src/featurize.py data/prepared data/features
    deps:
    - path: data/prepared
      md5: 77cdc4b415254bc15c5d109816504915.dir
      size: 3277682
      nfiles: 2
    - path: src/featurize.py
      md5: f9a567e8ed4b6649534fb1d0f29163b4
      size: 1686
    outs:
    - path: data/features
      md5: 683147ce3d11b5b5457f7d78f86ee417.dir
      size: 418297564
      nfiles: 2
  train:
    cmd: python src/train.py data/features model.pkl
    deps:
    - path: data/features
      md5: 683147ce3d11b5b5457f7d78f86ee417.dir
      size: 418297564
      nfiles: 2
    - path: src/train.py
      md5: 2221d18315cfb0ff074739e78a57d4cc
      size: 830
    params:
      params.yaml:
        train.alpha: 0.9
    outs:
    - path: model.pkl
      md5: 799929eaf8347b7874ffcf5b5193da4e
      size: 850894
  evaluate:
    cmd: python src/evaluate.py model.pkl data/features scores.json plots.json
    deps:
    - path: data/features
      md5: 683147ce3d11b5b5457f7d78f86ee417.dir
      size: 418297564
      nfiles: 2
    - path: model.pkl
      md5: 799929eaf8347b7874ffcf5b5193da4e
      size: 850894
    - path: src/evaluate.py
      md5: c5ff8becf7425a7b7d0e2730cdc57a60
      size: 1350
    outs:
    - path: plots.json
      md5: b6ce4fb6a5d571a1f5cb020103357a0a
      size: 66371
    - path: scores.json
      md5: 28f813227633cee688a9ad8cf15a4dc3
      size: 27
